{
  "pins" : [
    {
      "identity" : "activelabel.swift",
      "kind" : "remoteSourceControl",
      "location" : "https://github.com/optonaut/ActiveLabel.swift",
      "state" : {
        "revision" : "36949c1a69ef8b40574da20c9e24b115f387b1cf",
        "version" : "1.1.5"
      }
    },
    {
      "identity" : "alamofire",
      "kind" : "remoteSourceControl",
      "location" : "https://github.com/Alamofire/Alamofire.git",
      "state" : {
        "revision" : "8dd85aee02e39dd280c75eef88ffdb86eed4b07b",
        "version" : "5.6.2"
      }
    },
    {
      "identity" : "alamofireimage",
      "kind" : "remoteSourceControl",
      "location" : "https://github.com/Alamofire/AlamofireImage.git",
      "state" : {
        "revision" : "98cbb00ce0ec5fc8e52a5b50a6bfc08d3e5aee10",
        "version" : "4.2.0"
      }
    },
    {
      "identity" : "animatedfield",
      "kind" : "remoteSourceControl",
      "location" : "https://github.com/DoubleNodeOpen/AnimatedField.git",
      "state" : {
        "revision" : "a54cdfb0671d33123589cde1889d9dd4bff5a61b",
        "version" : "2.5.33"
      }
    },
    {
      "identity" : "atomicswift",
      "kind" : "remoteSourceControl",
      "location" : "https://github.com/DoubleNodeOpen/AtomicSwift.git",
      "state" : {
        "revision" : "58fbeed795715d9c8dd7bb7ae1c36f37f2827089",
        "version" : "1.2.2"
      }
    },
    {
      "identity" : "dnsappcore",
      "kind" : "remoteSourceControl",
      "location" : "https://github.com/DoubleNode/DNSAppCore.git",
      "state" : {
        "revision" : "53d54578c2860fd8137cff19e4bc76f3c9d92911",
        "version" : "1.10.2"
      }
    },
    {
      "identity" : "dnsbasestage",
      "kind" : "remoteSourceControl",
      "location" : "https://github.com/DoubleNode/DNSBaseStage.git",
      "state" : {
        "revision" : "1ab2469acef79885a4652c5c9c34d4bb9ccdb642",
        "version" : "1.10.14"
      }
    },
    {
      "identity" : "dnsbasetheme",
      "kind" : "remoteSourceControl",
      "location" : "https://github.com/DoubleNode/DNSBaseTheme.git",
      "state" : {
        "revision" : "4a735c03616da10a2122f4ba88c2e77906eb80f0",
        "version" : "1.10.1"
      }
    },
    {
      "identity" : "dnsblanknetwork",
      "kind" : "remoteSourceControl",
      "location" : "https://github.com/DoubleNode/DNSBlankNetwork.git",
      "state" : {
        "revision" : "ec002817d3df2265d34fc466fd6e8e034f703449",
        "version" : "1.10.0"
      }
    },
    {
      "identity" : "dnsblanksystems",
      "kind" : "remoteSourceControl",
      "location" : "https://github.com/DoubleNode/DNSBlankSystems.git",
      "state" : {
        "revision" : "ef4de90b80503d9a343fa2f3f195e5b69d7d54fc",
        "version" : "1.10.0"
      }
    },
    {
      "identity" : "dnsblankworkers",
      "kind" : "remoteSourceControl",
      "location" : "https://github.com/DoubleNode/DNSBlankWorkers.git",
      "state" : {
        "revision" : "904ef14b07145735e8ad6a351f15fcb54a549a8b",
        "version" : "1.10.27"
      }
    },
    {
      "identity" : "dnscore",
      "kind" : "remoteSourceControl",
      "location" : "https://github.com/DoubleNode/DNSCore.git",
      "state" : {
        "revision" : "b1a1c9e2400b72cefa6914f041dba787507fe7ce",
        "version" : "1.10.15"
      }
    },
    {
      "identity" : "dnscorethreading",
      "kind" : "remoteSourceControl",
      "location" : "https://github.com/DoubleNode/DNSCoreThreading.git",
      "state" : {
        "revision" : "6652e0ef7a5f69c6a01b7d85a1b53b8c013f65ad",
        "version" : "1.10.1"
      }
    },
    {
      "identity" : "dnscrashnetwork",
      "kind" : "remoteSourceControl",
      "location" : "https://github.com/DoubleNode/DNSCrashNetwork.git",
      "state" : {
        "revision" : "e458b7662f448f5618a56d48b801a9f577d91394",
        "version" : "1.10.0"
      }
    },
    {
      "identity" : "dnscrashsystems",
      "kind" : "remoteSourceControl",
      "location" : "https://github.com/DoubleNode/DNSCrashSystems.git",
      "state" : {
        "revision" : "615aab7a33cbe1bb56f7c6520aa557b8b1ce1438",
        "version" : "1.10.0"
      }
    },
    {
      "identity" : "dnscrashworkers",
      "kind" : "remoteSourceControl",
      "location" : "https://github.com/DoubleNode/DNSCrashWorkers.git",
      "state" : {
        "revision" : "b204295f607db395de13c581e417346cf3013f08",
        "version" : "1.10.21"
      }
    },
    {
      "identity" : "dnsdataobjects",
      "kind" : "remoteSourceControl",
      "location" : "https://github.com/DoubleNode/DNSDataObjects.git",
      "state" : {
        "revision" : "44e8c6e8ed66a89a860f5ce7408c324f0e84ad48",
        "version" : "1.10.44"
      }
    },
    {
      "identity" : "dnserror",
      "kind" : "remoteSourceControl",
      "location" : "https://github.com/DoubleNode/DNSError.git",
      "state" : {
        "revision" : "e26f6b4d5855c49801e8d9b20d6304e93294c2cc",
        "version" : "1.10.0"
      }
    },
    {
      "identity" : "dnsnetwork",
      "kind" : "remoteSourceControl",
      "location" : "https://github.com/DoubleNode/DNSNetwork.git",
      "state" : {
        "revision" : "6042696bddb4b4287d5ca652c4cbc7ad7c09f849",
        "version" : "1.10.0"
      }
    },
    {
      "identity" : "dnsprotocols",
      "kind" : "remoteSourceControl",
      "location" : "https://github.com/DoubleNode/DNSProtocols.git",
      "state" : {
        "revision" : "1943c278dc6050bfd3694069ad88b3a8331fa311",
        "version" : "1.10.40"
      }
    },
    {
      "identity" : "drawer",
      "kind" : "remoteSourceControl",
      "location" : "https://github.com/johankool/Drawer.git",
      "state" : {
        "revision" : "4c486bd7e9ad046db7fb58b3487c5691896579d7",
        "version" : "0.9.1"
      }
    },
    {
      "identity" : "ftlinearactivityindicator",
      "kind" : "remoteSourceControl",
      "location" : "https://github.com/futuretap/FTLinearActivityIndicator.git",
      "state" : {
        "revision" : "150a9040f0b07bd92ca9e0f13249062a5a59c891",
        "version" : "1.4.3"
      }
    },
    {
      "identity" : "gifu",
      "kind" : "remoteSourceControl",
      "location" : "https://github.com/kaishin/Gifu.git",
      "state" : {
        "revision" : "51f2eab32903e336f590c013267cfa4d7f8b06c4",
        "version" : "3.3.1"
      }
    },
    {
      "identity" : "gtblurview",
      "kind" : "remoteSourceControl",
      "location" : "https://github.com/gabrieltheodoropoulos/GTBlurView.git",
      "state" : {
        "revision" : "ab891a263465972c4cf6ab4d68982dfa1ab6f38b",
        "version" : "1.0.2"
      }
    },
    {
      "identity" : "iqkeyboardmanager",
      "kind" : "remoteSourceControl",
      "location" : "https://github.com/hackiftekhar/IQKeyboardManager.git",
      "state" : {
        "revision" : "9ab144a1a6c6ae8dad25840610c072709b15d8b5",
        "version" : "6.5.10"
      }
    },
    {
      "identity" : "jgprogresshud",
      "kind" : "remoteSourceControl",
      "location" : "https://github.com/JonasGessner/JGProgressHUD.git",
      "state" : {
        "revision" : "78d7cd35f1d90ff74fd82e486f2cbe4b24be8cf9",
        "version" : "2.2.0"
      }
    },
    {
      "identity" : "keyedcodable",
      "kind" : "remoteSourceControl",
      "location" : "https://github.com/dgrzeszczak/KeyedCodable.git",
      "state" : {
        "revision" : "7e24e26cf3a844ee0dbcdbcc8c78ed45f9570e69",
        "version" : "3.1.2"
      }
    },
    {
      "identity" : "loaf",
      "kind" : "remoteSourceControl",
      "location" : "https://github.com/schmidyy/Loaf.git",
      "state" : {
        "revision" : "5f78a659666fd1025579ded60960452a4c60eda6",
        "version" : "0.7.0"
      }
    },
    {
      "identity" : "proton",
      "kind" : "remoteSourceControl",
      "location" : "https://github.com/rajdeep/proton.git",
      "state" : {
        "revision" : "49039bbbc47f777460c3b9712979699df6e8808c",
        "version" : "0.6.1"
      }
    },
    {
      "identity" : "realm-core",
      "kind" : "remoteSourceControl",
      "location" : "https://github.com/realm/realm-core",
      "state" : {
        "revision" : "2b8def17bb8e0cddbcc754db6b6466b8487feebf",
        "version" : "12.5.0"
      }
    },
    {
      "identity" : "realm-swift",
      "kind" : "remoteSourceControl",
      "location" : "https://github.com/realm/realm-swift",
      "state" : {
        "revision" : "a107f5660b0b6067700923af7f107b6af73c546b",
        "version" : "10.28.5"
      }
    },
    {
      "identity" : "sfsymbol",
      "kind" : "remoteSourceControl",
      "location" : "https://github.com/Nirma/SFSymbol",
      "state" : {
        "revision" : "90ec3de89965be4612b496211e1f31a363a1df42",
        "version" : "1.1.0"
      }
    },
    {
      "identity" : "swift-mask-textfield",
      "kind" : "remoteSourceControl",
      "location" : "https://github.com/DoubleNodeOpen/swift-mask-textfield.git",
      "state" : {
        "revision" : "a5546b7ae52f8d6e0b067c25606f3455056b92a5",
        "version" : "1.1.2"
      }
    },
    {
      "identity" : "swiftybeaver",
      "kind" : "remoteSourceControl",
      "location" : "https://github.com/SwiftyBeaver/SwiftyBeaver.git",
      "state" : {
        "revision" : "12b5acf96d98f91d50de447369bd18df74600f1a",
        "version" : "1.9.6"
      }
    },
    {
      "identity" : "swipecellkit",
      "kind" : "remoteSourceControl",
      "location" : "https://github.com/SwipeCellKit/SwipeCellKit",
      "state" : {
        "revision" : "7219cad3098637176ace311510d11467dbfb9bb0",
        "version" : "2.7.1"
      }
    }
  ],
  "version" : 2
}
