{
  "pins" : [
    {
      "identity" : "activelabel.swift",
      "kind" : "remoteSourceControl",
      "location" : "https://github.com/optonaut/ActiveLabel.swift",
      "state" : {
        "revision" : "36949c1a69ef8b40574da20c9e24b115f387b1cf",
        "version" : "1.1.5"
      }
    },
    {
      "identity" : "alamofire",
      "kind" : "remoteSourceControl",
      "location" : "https://github.com/Alamofire/Alamofire.git",
      "state" : {
        "revision" : "513364f870f6bfc468f9d2ff0a95caccc10044c5",
        "version" : "5.10.2"
      }
    },
    {
      "identity" : "alamofireimage",
      "kind" : "remoteSourceControl",
      "location" : "https://github.com/Alamofire/AlamofireImage.git",
      "state" : {
        "revision" : "1eaf3b6c6882bed10f6e7b119665599dd2329aa1",
        "version" : "4.3.0"
      }
    },
    {
      "identity" : "animatedfield",
      "kind" : "remoteSourceControl",
      "location" : "https://github.com/DoubleNodeOpen/AnimatedField.git",
      "state" : {
        "revision" : "a2b81fb8016b696beaba68d4a4a82fd3228187bb",
        "version" : "2.5.56"
      }
    },
    {
      "identity" : "atomicswift",
      "kind" : "remoteSourceControl",
      "location" : "https://github.com/DoubleNodeOpen/AtomicSwift.git",
      "state" : {
        "revision" : "58fbeed795715d9c8dd7bb7ae1c36f37f2827089",
        "version" : "1.2.2"
      }
    },
    {
      "identity" : "dnsappcore",
      "kind" : "remoteSourceControl",
      "location" : "https://github.com/DoubleNode/DNSAppCore.git",
      "state" : {
        "revision" : "74d2ee1334d71dc55cef4636545d0fd52eb70713",
        "version" : "1.11.1"
      }
    },
    {
      "identity" : "dnsbasestage",
      "kind" : "remoteSourceControl",
      "location" : "https://github.com/DoubleNode/DNSBaseStage.git",
      "state" : {
        "revision" : "20d26a5cda940a6d56cbeb280800a7eedea1830e",
        "version" : "1.11.20"
      }
    },
    {
      "identity" : "dnsbasetheme",
      "kind" : "remoteSourceControl",
      "location" : "https://github.com/DoubleNode/DNSBaseTheme.git",
      "state" : {
        "revision" : "578c5a01efffa2832867edf1edf0500d60dd553c",
        "version" : "1.11.1"
      }
    },
    {
      "identity" : "dnsblanknetwork",
      "kind" : "remoteSourceControl",
      "location" : "https://github.com/DoubleNode/DNSBlankNetwork.git",
      "state" : {
        "revision" : "f37ea99085946856e7144bbda830d2d83627e40a",
        "version" : "1.11.2"
      }
    },
    {
      "identity" : "dnsblanksystems",
      "kind" : "remoteSourceControl",
      "location" : "https://github.com/DoubleNode/DNSBlankSystems.git",
      "state" : {
        "revision" : "5d798ff29c33cc5bd16e3c414b3f9c17fc6fb6c4",
        "version" : "1.11.1"
      }
    },
    {
      "identity" : "dnsblankworkers",
      "kind" : "remoteSourceControl",
      "location" : "https://github.com/DoubleNode/DNSBlankWorkers.git",
      "state" : {
        "revision" : "79edb96190a984c756272690b6577c85e70fc733",
        "version" : "1.11.21"
      }
    },
    {
      "identity" : "dnscore",
      "kind" : "remoteSourceControl",
      "location" : "https://github.com/DoubleNode/DNSCore.git",
      "state" : {
        "revision" : "3e37d10f8698de371a3970ac9b694ca6d1eab4e7",
        "version" : "1.11.10"
      }
    },
    {
      "identity" : "dnscorethreading",
      "kind" : "remoteSourceControl",
      "location" : "https://github.com/DoubleNode/DNSCoreThreading.git",
      "state" : {
        "revision" : "6061fa5df1a49ea51043a0760283ffc5d6ccf312",
        "version" : "1.11.1"
      }
    },
    {
      "identity" : "dnscrashnetwork",
      "kind" : "remoteSourceControl",
      "location" : "https://github.com/DoubleNode/DNSCrashNetwork.git",
      "state" : {
        "revision" : "58bf523df2b7530c2fd818c5b5316436cd2764aa",
        "version" : "1.11.2"
      }
    },
    {
      "identity" : "dnscrashsystems",
      "kind" : "remoteSourceControl",
      "location" : "https://github.com/DoubleNode/DNSCrashSystems.git",
      "state" : {
        "revision" : "957179985588126666b499199402fb607269e168",
        "version" : "1.11.0"
      }
    },
    {
      "identity" : "dnscrashworkers",
      "kind" : "remoteSourceControl",
      "location" : "https://github.com/DoubleNode/DNSCrashWorkers.git",
      "state" : {
        "revision" : "58034df82954b8235b5b9770594bdc065265e8f4",
        "version" : "1.11.17"
      }
    },
    {
      "identity" : "dnsdataobjects",
      "kind" : "remoteSourceControl",
      "location" : "https://github.com/DoubleNode/DNSDataObjects.git",
      "state" : {
        "revision" : "7feafaf5f472b0cc29020acefdbcd29c1c46edcd",
        "version" : "1.11.11"
      }
    },
    {
      "identity" : "dnserror",
      "kind" : "remoteSourceControl",
      "location" : "https://github.com/DoubleNode/DNSError.git",
      "state" : {
        "revision" : "d9040c8ced0e3f3166c0554be101342c5d9021c6",
        "version" : "1.11.1"
      }
    },
    {
      "identity" : "dnsnetwork",
      "kind" : "remoteSourceControl",
      "location" : "https://github.com/DoubleNode/DNSNetwork.git",
      "state" : {
        "revision" : "d7a7c49bdb5e7971e26018d1ca071f6208ec901f",
        "version" : "1.11.0"
      }
    },
    {
      "identity" : "dnsprotocols",
      "kind" : "remoteSourceControl",
      "location" : "https://github.com/DoubleNode/DNSProtocols.git",
      "state" : {
        "revision" : "fad4c204bf14193c44d496d84ef3624a14cb7fe5",
        "version" : "1.11.16"
      }
    },
    {
      "identity" : "drawer",
      "kind" : "remoteSourceControl",
      "location" : "https://github.com/johankool/Drawer.git",
      "state" : {
        "revision" : "4c486bd7e9ad046db7fb58b3487c5691896579d7",
        "version" : "0.9.1"
      }
    },
    {
      "identity" : "easynotificationbadge",
      "kind" : "remoteSourceControl",
      "location" : "https://github.com/Minitour/EasyNotificationBadge.git",
      "state" : {
        "revision" : "2774998af193a396b1842c0727fe52c2bd217ae2",
        "version" : "1.2.5"
      }
    },
    {
      "identity" : "ftlinearactivityindicator",
      "kind" : "remoteSourceControl",
      "location" : "https://github.com/futuretap/FTLinearActivityIndicator.git",
      "state" : {
        "revision" : "4767d37cb53d383aca8bd47d0b0206d8da635032",
        "version" : "1.8.0"
      }
    },
    {
      "identity" : "gifu",
      "kind" : "remoteSourceControl",
      "location" : "https://github.com/kaishin/Gifu.git",
      "state" : {
        "revision" : "46434cd816f035271beb16d80f7bc91381cbd8e4",
        "version" : "3.5.1"
      }
    },
    {
      "identity" : "gtblurview",
      "kind" : "remoteSourceControl",
      "location" : "https://github.com/gabrieltheodoropoulos/GTBlurView.git",
      "state" : {
        "revision" : "ab891a263465972c4cf6ab4d68982dfa1ab6f38b",
        "version" : "1.0.2"
      }
    },
    {
      "identity" : "iqkeyboardmanager",
      "kind" : "remoteSourceControl",
      "location" : "https://github.com/hackiftekhar/IQKeyboardManager.git",
      "state" : {
        "revision" : "c00b1ae9fa1ad8af4465bb6ca901f6943fc98eba",
        "version" : "6.5.16"
      }
    },
    {
      "identity" : "jgprogresshud",
      "kind" : "remoteSourceControl",
      "location" : "https://github.com/JonasGessner/JGProgressHUD.git",
      "state" : {
        "revision" : "78d7cd35f1d90ff74fd82e486f2cbe4b24be8cf9",
        "version" : "2.2.0"
      }
    },
    {
      "identity" : "keyedcodable",
      "kind" : "remoteSourceControl",
      "location" : "https://github.com/dgrzeszczak/KeyedCodable.git",
      "state" : {
        "revision" : "7e24e26cf3a844ee0dbcdbcc8c78ed45f9570e69",
        "version" : "3.1.2"
      }
    },
    {
      "identity" : "loaf",
      "kind" : "remoteSourceControl",
      "location" : "https://github.com/schmidyy/Loaf.git",
      "state" : {
        "revision" : "5f78a659666fd1025579ded60960452a4c60eda6",
        "version" : "0.7.0"
      }
    },
    {
      "identity" : "phonenumberkit",
      "kind" : "remoteSourceControl",
      "location" : "https://github.com/marmelroy/PhoneNumberKit",
      "state" : {
        "revision" : "24af4d5147fc42e97cb6cb3761d5d9933d41c240",
        "version" : "4.1.0"
      }
    },
    {
      "identity" : "proton",
      "kind" : "remoteSourceControl",
      "location" : "https://github.com/rajdeep/proton.git",
      "state" : {
        "revision" : "2fa41f78731461c40a1dd12bee7de1845c310c31",
        "version" : "0.8.35"
      }
    },
    {
      "identity" : "sfsymbol",
      "kind" : "remoteSourceControl",
      "location" : "https://github.com/Nirma/SFSymbol",
      "state" : {
        "revision" : "1b127194b976a58ea460a2cbe10f00fa994b1ece",
        "version" : "2.3.0"
      }
    },
    {
      "identity" : "skeletonview",
      "kind" : "remoteSourceControl",
      "location" : "https://github.com/Juanpe/SkeletonView.git",
      "state" : {
        "revision" : "2f5274827d310e32c09325dd3e0007120940988e",
        "version" : "1.31.0"
      }
    },
    {
      "identity" : "swift-mask-textfield",
      "kind" : "remoteSourceControl",
      "location" : "https://github.com/DoubleNodeOpen/swift-mask-textfield.git",
      "state" : {
        "revision" : "a5546b7ae52f8d6e0b067c25606f3455056b92a5",
        "version" : "1.1.2"
      }
    },
    {
      "identity" : "swiftlintplugins",
      "kind" : "remoteSourceControl",
      "location" : "https://github.com/SimplyDanny/SwiftLintPlugins",
      "state" : {
        "revision" : "8545ddf4de043e6f2051c5cf204f39ef778ebf6b",
        "version" : "0.59.1"
      }
    },
    {
      "identity" : "swiftybeaver",
      "kind" : "remoteSourceControl",
      "location" : "https://github.com/SwiftyBeaver/SwiftyBeaver.git",
      "state" : {
        "revision" : "8cba041db09596183331d123f337d0eb2e6e8e91",
        "version" : "2.1.1"
      }
    },
    {
      "identity" : "swipecellkit",
      "kind" : "remoteSourceControl",
      "location" : "https://github.com/SwipeCellKit/SwipeCellKit",
      "state" : {
        "revision" : "7219cad3098637176ace311510d11467dbfb9bb0",
        "version" : "2.7.1"
      }
    },
    {
      "identity" : "uilabel-copyable",
      "kind" : "remoteSourceControl",
      "location" : "https://github.com/alexandreos/UILabel-Copyable.git",
      "state" : {
        "revision" : "a1ac4d7d1118fde314796f449e803e610d7b801c",
        "version" : "2.0.1"
      }
    }
  ],
  "version" : 2
}
